// !$*UTF8*$!
{
	archiveVersion = 1;
	classes = {
	};
	objectVersion = 51;
	objects = {

/* Begin PBXBuildFile section */
		860CCF76261FCBA00026748A /* LocationInputView.swift in Sources */ = {isa = PBXBuildFile; fileRef = 860CCF75261FCB9F0026748A /* LocationInputView.swift */; };
		8626CDEF2628EEC70089AA82 /* LocationCell.swift in Sources */ = {isa = PBXBuildFile; fileRef = 8626CDEE2628EEC70089AA82 /* LocationCell.swift */; };
		866028E82613055D00D5ECB5 /* AuthButton.swift in Sources */ = {isa = PBXBuildFile; fileRef = 866028E72613055D00D5ECB5 /* AuthButton.swift */; };
		8680A32926141E8400AA7645 /* GoogleService-Info.plist in Resources */ = {isa = PBXBuildFile; fileRef = 8680A32826141E8400AA7645 /* GoogleService-Info.plist */; };
		8689004C262CECC1000F68AC /* Service.swift in Sources */ = {isa = PBXBuildFile; fileRef = 8689004B262CECC1000F68AC /* Service.swift */; };
		8689004F262CF66F000F68AC /* User.swift in Sources */ = {isa = PBXBuildFile; fileRef = 8689004E262CF66F000F68AC /* User.swift */; };
		868C1A7D2612B45200B0A765 /* SignUpController.swift in Sources */ = {isa = PBXBuildFile; fileRef = 868C1A7C2612B45200B0A765 /* SignUpController.swift */; };
		86ABDC4E261E538E001BB175 /* LocationInputActivationView.swift in Sources */ = {isa = PBXBuildFile; fileRef = 86ABDC4D261E538E001BB175 /* LocationInputActivationView.swift */; };
		86ACD4DF25D289F60007C06A /* AppDelegate.swift in Sources */ = {isa = PBXBuildFile; fileRef = 86ACD4DE25D289F60007C06A /* AppDelegate.swift */; };
		86ACD4E125D289F60007C06A /* SceneDelegate.swift in Sources */ = {isa = PBXBuildFile; fileRef = 86ACD4E025D289F60007C06A /* SceneDelegate.swift */; };
		86ACD4E625D289F70007C06A /* Main.storyboard in Resources */ = {isa = PBXBuildFile; fileRef = 86ACD4E425D289F70007C06A /* Main.storyboard */; };
		86ACD4E825D289F90007C06A /* Assets.xcassets in Resources */ = {isa = PBXBuildFile; fileRef = 86ACD4E725D289F90007C06A /* Assets.xcassets */; };
		86ACD4EB25D289F90007C06A /* LaunchScreen.storyboard in Resources */ = {isa = PBXBuildFile; fileRef = 86ACD4E925D289F90007C06A /* LaunchScreen.storyboard */; };
		86CB50FD25DB1F2F004E480E /* LoginController.swift in Sources */ = {isa = PBXBuildFile; fileRef = 86CB50FC25DB1F2F004E480E /* LoginController.swift */; };
		86CB510425DB25F6004E480E /* Extensions.swift in Sources */ = {isa = PBXBuildFile; fileRef = 86CB510225DB25F6004E480E /* Extensions.swift */; };
		86CB510525DB25F6004E480E /* Utilities.swift in Sources */ = {isa = PBXBuildFile; fileRef = 86CB510325DB25F6004E480E /* Utilities.swift */; };
		86F07BA7261BCE0400F5860C /* HomeController.swift in Sources */ = {isa = PBXBuildFile; fileRef = 86F07BA6261BCE0400F5860C /* HomeController.swift */; };
		91B5063845CDD499364A079C /* Pods_UberClone.framework in Frameworks */ = {isa = PBXBuildFile; fileRef = 718411215EB3A88E07710BDD /* Pods_UberClone.framework */; };
/* End PBXBuildFile section */

/* Begin PBXFileReference section */
		05737FCAF047CCC2513E4AE1 /* Pods-UberClone.release.xcconfig */ = {isa = PBXFileReference; includeInIndex = 1; lastKnownFileType = text.xcconfig; name = "Pods-UberClone.release.xcconfig"; path = "Target Support Files/Pods-UberClone/Pods-UberClone.release.xcconfig"; sourceTree = "<group>"; };
		718411215EB3A88E07710BDD /* Pods_UberClone.framework */ = {isa = PBXFileReference; explicitFileType = wrapper.framework; includeInIndex = 0; path = Pods_UberClone.framework; sourceTree = BUILT_PRODUCTS_DIR; };
		860CCF75261FCB9F0026748A /* LocationInputView.swift */ = {isa = PBXFileReference; lastKnownFileType = sourcecode.swift; path = LocationInputView.swift; sourceTree = "<group>"; };
		8626CDEE2628EEC70089AA82 /* LocationCell.swift */ = {isa = PBXFileReference; lastKnownFileType = sourcecode.swift; path = LocationCell.swift; sourceTree = "<group>"; };
		866028E72613055D00D5ECB5 /* AuthButton.swift */ = {isa = PBXFileReference; lastKnownFileType = sourcecode.swift; path = AuthButton.swift; sourceTree = "<group>"; };
		8680A32826141E8400AA7645 /* GoogleService-Info.plist */ = {isa = PBXFileReference; lastKnownFileType = text.plist; path = "GoogleService-Info.plist"; sourceTree = SOURCE_ROOT; };
		8689004B262CECC1000F68AC /* Service.swift */ = {isa = PBXFileReference; lastKnownFileType = sourcecode.swift; path = Service.swift; sourceTree = "<group>"; };
		8689004E262CF66F000F68AC /* User.swift */ = {isa = PBXFileReference; lastKnownFileType = sourcecode.swift; path = User.swift; sourceTree = "<group>"; };
		868C1A7C2612B45200B0A765 /* SignUpController.swift */ = {isa = PBXFileReference; lastKnownFileType = sourcecode.swift; path = SignUpController.swift; sourceTree = "<group>"; };
		86ABDC4D261E538E001BB175 /* LocationInputActivationView.swift */ = {isa = PBXFileReference; lastKnownFileType = sourcecode.swift; path = LocationInputActivationView.swift; sourceTree = "<group>"; };
		86ACD4DB25D289F60007C06A /* UberClone.app */ = {isa = PBXFileReference; explicitFileType = wrapper.application; includeInIndex = 0; path = UberClone.app; sourceTree = BUILT_PRODUCTS_DIR; };
		86ACD4DE25D289F60007C06A /* AppDelegate.swift */ = {isa = PBXFileReference; lastKnownFileType = sourcecode.swift; path = AppDelegate.swift; sourceTree = "<group>"; };
		86ACD4E025D289F60007C06A /* SceneDelegate.swift */ = {isa = PBXFileReference; lastKnownFileType = sourcecode.swift; path = SceneDelegate.swift; sourceTree = "<group>"; };
		86ACD4E525D289F70007C06A /* Base */ = {isa = PBXFileReference; lastKnownFileType = file.storyboard; name = Base; path = Base.lproj/Main.storyboard; sourceTree = "<group>"; };
		86ACD4E725D289F90007C06A /* Assets.xcassets */ = {isa = PBXFileReference; lastKnownFileType = folder.assetcatalog; path = Assets.xcassets; sourceTree = "<group>"; };
		86ACD4EA25D289F90007C06A /* Base */ = {isa = PBXFileReference; lastKnownFileType = file.storyboard; name = Base; path = Base.lproj/LaunchScreen.storyboard; sourceTree = "<group>"; };
		86ACD4EC25D289F90007C06A /* Info.plist */ = {isa = PBXFileReference; lastKnownFileType = text.plist.xml; path = Info.plist; sourceTree = "<group>"; };
		86CB50FC25DB1F2F004E480E /* LoginController.swift */ = {isa = PBXFileReference; lastKnownFileType = sourcecode.swift; path = LoginController.swift; sourceTree = "<group>"; };
		86CB510225DB25F6004E480E /* Extensions.swift */ = {isa = PBXFileReference; fileEncoding = 4; lastKnownFileType = sourcecode.swift; path = Extensions.swift; sourceTree = "<group>"; };
		86CB510325DB25F6004E480E /* Utilities.swift */ = {isa = PBXFileReference; fileEncoding = 4; lastKnownFileType = sourcecode.swift; path = Utilities.swift; sourceTree = "<group>"; };
		86F07BA6261BCE0400F5860C /* HomeController.swift */ = {isa = PBXFileReference; lastKnownFileType = sourcecode.swift; path = HomeController.swift; sourceTree = "<group>"; };
		B9EA70EACA643B7D4B353C34 /* Pods-UberClone.debug.xcconfig */ = {isa = PBXFileReference; includeInIndex = 1; lastKnownFileType = text.xcconfig; name = "Pods-UberClone.debug.xcconfig"; path = "Target Support Files/Pods-UberClone/Pods-UberClone.debug.xcconfig"; sourceTree = "<group>"; };
/* End PBXFileReference section */

/* Begin PBXFrameworksBuildPhase section */
		86ACD4D825D289F60007C06A /* Frameworks */ = {
			isa = PBXFrameworksBuildPhase;
			buildActionMask = 2147483647;
			files = (
				91B5063845CDD499364A079C /* Pods_UberClone.framework in Frameworks */,
			);
			runOnlyForDeploymentPostprocessing = 0;
		};
/* End PBXFrameworksBuildPhase section */

/* Begin PBXGroup section */
		614EEBB7515155E9936635EC /* Pods */ = {
			isa = PBXGroup;
			children = (
				B9EA70EACA643B7D4B353C34 /* Pods-UberClone.debug.xcconfig */,
				05737FCAF047CCC2513E4AE1 /* Pods-UberClone.release.xcconfig */,
			);
			path = Pods;
			sourceTree = "<group>";
		};
		86ACD4D225D289F60007C06A = {
			isa = PBXGroup;
			children = (
				86ACD4DD25D289F60007C06A /* UberClone */,
				86ACD4DC25D289F60007C06A /* Products */,
				614EEBB7515155E9936635EC /* Pods */,
				E7A34B0C3C6B0760BC49D6D0 /* Frameworks */,
			);
			sourceTree = "<group>";
		};
		86ACD4DC25D289F60007C06A /* Products */ = {
			isa = PBXGroup;
			children = (
				86ACD4DB25D289F60007C06A /* UberClone.app */,
			);
			name = Products;
			sourceTree = "<group>";
		};
		86ACD4DD25D289F60007C06A /* UberClone */ = {
			isa = PBXGroup;
			children = (
				8680A32826141E8400AA7645 /* GoogleService-Info.plist */,
				86CB50F725DB1EA8004E480E /* Model */,
				86CB50F925DB1EB9004E480E /* Controller */,
				86CB50F825DB1EB1004E480E /* View */,
				86CB50FA25DB1EC6004E480E /* Service */,
				86CB50FB25DB1ED4004E480E /* Utils */,
				86ACD4DE25D289F60007C06A /* AppDelegate.swift */,
				86ACD4E025D289F60007C06A /* SceneDelegate.swift */,
				86ACD4E425D289F70007C06A /* Main.storyboard */,
				86ACD4E725D289F90007C06A /* Assets.xcassets */,
				86ACD4E925D289F90007C06A /* LaunchScreen.storyboard */,
				86ACD4EC25D289F90007C06A /* Info.plist */,
			);
			path = UberClone;
			sourceTree = "<group>";
		};
		86CB50F725DB1EA8004E480E /* Model */ = {
			isa = PBXGroup;
			children = (
				8689004E262CF66F000F68AC /* User.swift */,
			);
			name = Model;
			sourceTree = "<group>";
		};
		86CB50F825DB1EB1004E480E /* View */ = {
			isa = PBXGroup;
			children = (
				86ABDC4D261E538E001BB175 /* LocationInputActivationView.swift */,
				866028E72613055D00D5ECB5 /* AuthButton.swift */,
				860CCF75261FCB9F0026748A /* LocationInputView.swift */,
				8626CDEE2628EEC70089AA82 /* LocationCell.swift */,
			);
			name = View;
			sourceTree = "<group>";
		};
		86CB50F925DB1EB9004E480E /* Controller */ = {
			isa = PBXGroup;
			children = (
				86CB50FC25DB1F2F004E480E /* LoginController.swift */,
				868C1A7C2612B45200B0A765 /* SignUpController.swift */,
				86F07BA6261BCE0400F5860C /* HomeController.swift */,
			);
			name = Controller;
			sourceTree = "<group>";
		};
		86CB50FA25DB1EC6004E480E /* Service */ = {
			isa = PBXGroup;
			children = (
				8689004B262CECC1000F68AC /* Service.swift */,
			);
			name = Service;
			sourceTree = "<group>";
		};
		86CB50FB25DB1ED4004E480E /* Utils */ = {
			isa = PBXGroup;
			children = (
				86CB510225DB25F6004E480E /* Extensions.swift */,
				86CB510325DB25F6004E480E /* Utilities.swift */,
			);
			name = Utils;
			sourceTree = "<group>";
		};
		E7A34B0C3C6B0760BC49D6D0 /* Frameworks */ = {
			isa = PBXGroup;
			children = (
				718411215EB3A88E07710BDD /* Pods_UberClone.framework */,
			);
			name = Frameworks;
			sourceTree = "<group>";
		};
/* End PBXGroup section */

/* Begin PBXNativeTarget section */
		86ACD4DA25D289F60007C06A /* UberClone */ = {
			isa = PBXNativeTarget;
			buildConfigurationList = 86ACD4EF25D289F90007C06A /* Build configuration list for PBXNativeTarget "UberClone" */;
			buildPhases = (
				629011A2208920DDB1720D79 /* [CP] Check Pods Manifest.lock */,
				86ACD4D725D289F60007C06A /* Sources */,
				86ACD4D825D289F60007C06A /* Frameworks */,
				86ACD4D925D289F60007C06A /* Resources */,
				40EE510A2EA12CB6B79B9A72 /* [CP] Embed Pods Frameworks */,
			);
			buildRules = (
			);
			dependencies = (
			);
			name = UberClone;
			productName = UberClone;
			productReference = 86ACD4DB25D289F60007C06A /* UberClone.app */;
			productType = "com.apple.product-type.application";
		};
/* End PBXNativeTarget section */

/* Begin PBXProject section */
		86ACD4D325D289F60007C06A /* Project object */ = {
			isa = PBXProject;
			attributes = {
				LastSwiftUpdateCheck = 1230;
				LastUpgradeCheck = 1230;
				TargetAttributes = {
					86ACD4DA25D289F60007C06A = {
						CreatedOnToolsVersion = 12.3;
					};
				};
			};
			buildConfigurationList = 86ACD4D625D289F60007C06A /* Build configuration list for PBXProject "UberClone" */;
			compatibilityVersion = "Xcode 9.3";
			developmentRegion = en;
			hasScannedForEncodings = 0;
			knownRegions = (
				en,
				Base,
			);
			mainGroup = 86ACD4D225D289F60007C06A;
			productRefGroup = 86ACD4DC25D289F60007C06A /* Products */;
			projectDirPath = "";
			projectRoot = "";
			targets = (
				86ACD4DA25D289F60007C06A /* UberClone */,
			);
		};
/* End PBXProject section */

/* Begin PBXResourcesBuildPhase section */
		86ACD4D925D289F60007C06A /* Resources */ = {
			isa = PBXResourcesBuildPhase;
			buildActionMask = 2147483647;
			files = (
				86ACD4EB25D289F90007C06A /* LaunchScreen.storyboard in Resources */,
				8680A32926141E8400AA7645 /* GoogleService-Info.plist in Resources */,
				86ACD4E825D289F90007C06A /* Assets.xcassets in Resources */,
				86ACD4E625D289F70007C06A /* Main.storyboard in Resources */,
			);
			runOnlyForDeploymentPostprocessing = 0;
		};
/* End PBXResourcesBuildPhase section */

/* Begin PBXShellScriptBuildPhase section */
		40EE510A2EA12CB6B79B9A72 /* [CP] Embed Pods Frameworks */ = {
			isa = PBXShellScriptBuildPhase;
			buildActionMask = 2147483647;
			files = (
			);
			inputFileListPaths = (
				"${PODS_ROOT}/Target Support Files/Pods-UberClone/Pods-UberClone-frameworks-${CONFIGURATION}-input-files.xcfilelist",
			);
			name = "[CP] Embed Pods Frameworks";
			outputFileListPaths = (
				"${PODS_ROOT}/Target Support Files/Pods-UberClone/Pods-UberClone-frameworks-${CONFIGURATION}-output-files.xcfilelist",
			);
			runOnlyForDeploymentPostprocessing = 0;
			shellPath = /bin/sh;
			shellScript = "\"${PODS_ROOT}/Target Support Files/Pods-UberClone/Pods-UberClone-frameworks.sh\"\n";
			showEnvVarsInLog = 0;
		};
		629011A2208920DDB1720D79 /* [CP] Check Pods Manifest.lock */ = {
			isa = PBXShellScriptBuildPhase;
			buildActionMask = 2147483647;
			files = (
			);
			inputFileListPaths = (
			);
			inputPaths = (
				"${PODS_PODFILE_DIR_PATH}/Podfile.lock",
				"${PODS_ROOT}/Manifest.lock",
			);
			name = "[CP] Check Pods Manifest.lock";
			outputFileListPaths = (
			);
			outputPaths = (
				"$(DERIVED_FILE_DIR)/Pods-UberClone-checkManifestLockResult.txt",
			);
			runOnlyForDeploymentPostprocessing = 0;
			shellPath = /bin/sh;
			shellScript = "diff \"${PODS_PODFILE_DIR_PATH}/Podfile.lock\" \"${PODS_ROOT}/Manifest.lock\" > /dev/null\nif [ $? != 0 ] ; then\n    # print error to STDERR\n    echo \"error: The sandbox is not in sync with the Podfile.lock. Run 'pod install' or update your CocoaPods installation.\" >&2\n    exit 1\nfi\n# This output is used by Xcode 'outputs' to avoid re-running this script phase.\necho \"SUCCESS\" > \"${SCRIPT_OUTPUT_FILE_0}\"\n";
			showEnvVarsInLog = 0;
		};
/* End PBXShellScriptBuildPhase section */

/* Begin PBXSourcesBuildPhase section */
		86ACD4D725D289F60007C06A /* Sources */ = {
			isa = PBXSourcesBuildPhase;
			buildActionMask = 2147483647;
			files = (
				8689004F262CF66F000F68AC /* User.swift in Sources */,
				86ACD4DF25D289F60007C06A /* AppDelegate.swift in Sources */,
				866028E82613055D00D5ECB5 /* AuthButton.swift in Sources */,
				86CB50FD25DB1F2F004E480E /* LoginController.swift in Sources */,
				86ACD4E125D289F60007C06A /* SceneDelegate.swift in Sources */,
				860CCF76261FCBA00026748A /* LocationInputView.swift in Sources */,
				8689004C262CECC1000F68AC /* Service.swift in Sources */,
				86ABDC4E261E538E001BB175 /* LocationInputActivationView.swift in Sources */,
				8626CDEF2628EEC70089AA82 /* LocationCell.swift in Sources */,
				86F07BA7261BCE0400F5860C /* HomeController.swift in Sources */,
				86CB510525DB25F6004E480E /* Utilities.swift in Sources */,
				86CB510425DB25F6004E480E /* Extensions.swift in Sources */,
				868C1A7D2612B45200B0A765 /* SignUpController.swift in Sources */,
			);
			runOnlyForDeploymentPostprocessing = 0;
		};
/* End PBXSourcesBuildPhase section */

/* Begin PBXVariantGroup section */
		86ACD4E425D289F70007C06A /* Main.storyboard */ = {
			isa = PBXVariantGroup;
			children = (
				86ACD4E525D289F70007C06A /* Base */,
			);
			name = Main.storyboard;
			sourceTree = "<group>";
		};
		86ACD4E925D289F90007C06A /* LaunchScreen.storyboard */ = {
			isa = PBXVariantGroup;
			children = (
				86ACD4EA25D289F90007C06A /* Base */,
			);
			name = LaunchScreen.storyboard;
			sourceTree = "<group>";
		};
/* End PBXVariantGroup section */

/* Begin XCBuildConfiguration section */
		86ACD4ED25D289F90007C06A /* Debug */ = {
			isa = XCBuildConfiguration;
			buildSettings = {
				ALWAYS_SEARCH_USER_PATHS = NO;
				CLANG_ANALYZER_NONNULL = YES;
				CLANG_ANALYZER_NUMBER_OBJECT_CONVERSION = YES_AGGRESSIVE;
				CLANG_CXX_LANGUAGE_STANDARD = "gnu++14";
				CLANG_CXX_LIBRARY = "libc++";
				CLANG_ENABLE_MODULES = YES;
				CLANG_ENABLE_OBJC_ARC = YES;
				CLANG_ENABLE_OBJC_WEAK = YES;
				CLANG_WARN_BLOCK_CAPTURE_AUTORELEASING = YES;
				CLANG_WARN_BOOL_CONVERSION = YES;
				CLANG_WARN_COMMA = YES;
				CLANG_WARN_CONSTANT_CONVERSION = YES;
				CLANG_WARN_DEPRECATED_OBJC_IMPLEMENTATIONS = YES;
				CLANG_WARN_DIRECT_OBJC_ISA_USAGE = YES_ERROR;
				CLANG_WARN_DOCUMENTATION_COMMENTS = YES;
				CLANG_WARN_EMPTY_BODY = YES;
				CLANG_WARN_ENUM_CONVERSION = YES;
				CLANG_WARN_INFINITE_RECURSION = YES;
				CLANG_WARN_INT_CONVERSION = YES;
				CLANG_WARN_NON_LITERAL_NULL_CONVERSION = YES;
				CLANG_WARN_OBJC_IMPLICIT_RETAIN_SELF = YES;
				CLANG_WARN_OBJC_LITERAL_CONVERSION = YES;
				CLANG_WARN_OBJC_ROOT_CLASS = YES_ERROR;
				CLANG_WARN_QUOTED_INCLUDE_IN_FRAMEWORK_HEADER = YES;
				CLANG_WARN_RANGE_LOOP_ANALYSIS = YES;
				CLANG_WARN_STRICT_PROTOTYPES = YES;
				CLANG_WARN_SUSPICIOUS_MOVE = YES;
				CLANG_WARN_UNGUARDED_AVAILABILITY = YES_AGGRESSIVE;
				CLANG_WARN_UNREACHABLE_CODE = YES;
				CLANG_WARN__DUPLICATE_METHOD_MATCH = YES;
				COPY_PHASE_STRIP = NO;
				DEBUG_INFORMATION_FORMAT = dwarf;
				ENABLE_STRICT_OBJC_MSGSEND = YES;
				ENABLE_TESTABILITY = YES;
				GCC_C_LANGUAGE_STANDARD = gnu11;
				GCC_DYNAMIC_NO_PIC = NO;
				GCC_NO_COMMON_BLOCKS = YES;
				GCC_OPTIMIZATION_LEVEL = 0;
				GCC_PREPROCESSOR_DEFINITIONS = (
					"DEBUG=1",
					"$(inherited)",
				);
				GCC_WARN_64_TO_32_BIT_CONVERSION = YES;
				GCC_WARN_ABOUT_RETURN_TYPE = YES_ERROR;
				GCC_WARN_UNDECLARED_SELECTOR = YES;
				GCC_WARN_UNINITIALIZED_AUTOS = YES_AGGRESSIVE;
				GCC_WARN_UNUSED_FUNCTION = YES;
				GCC_WARN_UNUSED_VARIABLE = YES;
				IPHONEOS_DEPLOYMENT_TARGET = 14.3;
				MTL_ENABLE_DEBUG_INFO = INCLUDE_SOURCE;
				MTL_FAST_MATH = YES;
				ONLY_ACTIVE_ARCH = YES;
				SDKROOT = iphoneos;
				SWIFT_ACTIVE_COMPILATION_CONDITIONS = DEBUG;
				SWIFT_OPTIMIZATION_LEVEL = "-Onone";
			};
			name = Debug;
		};
		86ACD4EE25D289F90007C06A /* Release */ = {
			isa = XCBuildConfiguration;
			buildSettings = {
				ALWAYS_SEARCH_USER_PATHS = NO;
				CLANG_ANALYZER_NONNULL = YES;
				CLANG_ANALYZER_NUMBER_OBJECT_CONVERSION = YES_AGGRESSIVE;
				CLANG_CXX_LANGUAGE_STANDARD = "gnu++14";
				CLANG_CXX_LIBRARY = "libc++";
				CLANG_ENABLE_MODULES = YES;
				CLANG_ENABLE_OBJC_ARC = YES;
				CLANG_ENABLE_OBJC_WEAK = YES;
				CLANG_WARN_BLOCK_CAPTURE_AUTORELEASING = YES;
				CLANG_WARN_BOOL_CONVERSION = YES;
				CLANG_WARN_COMMA = YES;
				CLANG_WARN_CONSTANT_CONVERSION = YES;
				CLANG_WARN_DEPRECATED_OBJC_IMPLEMENTATIONS = YES;
				CLANG_WARN_DIRECT_OBJC_ISA_USAGE = YES_ERROR;
				CLANG_WARN_DOCUMENTATION_COMMENTS = YES;
				CLANG_WARN_EMPTY_BODY = YES;
				CLANG_WARN_ENUM_CONVERSION = YES;
				CLANG_WARN_INFINITE_RECURSION = YES;
				CLANG_WARN_INT_CONVERSION = YES;
				CLANG_WARN_NON_LITERAL_NULL_CONVERSION = YES;
				CLANG_WARN_OBJC_IMPLICIT_RETAIN_SELF = YES;
				CLANG_WARN_OBJC_LITERAL_CONVERSION = YES;
				CLANG_WARN_OBJC_ROOT_CLASS = YES_ERROR;
				CLANG_WARN_QUOTED_INCLUDE_IN_FRAMEWORK_HEADER = YES;
				CLANG_WARN_RANGE_LOOP_ANALYSIS = YES;
				CLANG_WARN_STRICT_PROTOTYPES = YES;
				CLANG_WARN_SUSPICIOUS_MOVE = YES;
				CLANG_WARN_UNGUARDED_AVAILABILITY = YES_AGGRESSIVE;
				CLANG_WARN_UNREACHABLE_CODE = YES;
				CLANG_WARN__DUPLICATE_METHOD_MATCH = YES;
				COPY_PHASE_STRIP = NO;
				DEBUG_INFORMATION_FORMAT = "dwarf-with-dsym";
				ENABLE_NS_ASSERTIONS = NO;
				ENABLE_STRICT_OBJC_MSGSEND = YES;
				GCC_C_LANGUAGE_STANDARD = gnu11;
				GCC_NO_COMMON_BLOCKS = YES;
				GCC_WARN_64_TO_32_BIT_CONVERSION = YES;
				GCC_WARN_ABOUT_RETURN_TYPE = YES_ERROR;
				GCC_WARN_UNDECLARED_SELECTOR = YES;
				GCC_WARN_UNINITIALIZED_AUTOS = YES_AGGRESSIVE;
				GCC_WARN_UNUSED_FUNCTION = YES;
				GCC_WARN_UNUSED_VARIABLE = YES;
				IPHONEOS_DEPLOYMENT_TARGET = 14.3;
				MTL_ENABLE_DEBUG_INFO = NO;
				MTL_FAST_MATH = YES;
				SDKROOT = iphoneos;
				SWIFT_COMPILATION_MODE = wholemodule;
				SWIFT_OPTIMIZATION_LEVEL = "-O";
				VALIDATE_PRODUCT = YES;
			};
			name = Release;
		};
		86ACD4F025D289F90007C06A /* Debug */ = {
			isa = XCBuildConfiguration;
			baseConfigurationReference = B9EA70EACA643B7D4B353C34 /* Pods-UberClone.debug.xcconfig */;
			buildSettings = {
				ASSETCATALOG_COMPILER_APPICON_NAME = AppIcon;
				ASSETCATALOG_COMPILER_GLOBAL_ACCENT_COLOR_NAME = AccentColor;
				CODE_SIGN_STYLE = Automatic;
				DEVELOPMENT_TEAM = 7655W2DD35;
				INFOPLIST_FILE = UberClone/Info.plist;
				LD_RUNPATH_SEARCH_PATHS = (
					"$(inherited)",
					"@executable_path/Frameworks",
				);
				PRODUCT_BUNDLE_IDENTIFIER = shuaiqing.UberClone;
				PRODUCT_NAME = "$(TARGET_NAME)";
				SWIFT_VERSION = 5.0;
				TARGETED_DEVICE_FAMILY = "1,2";
			};
			name = Debug;
		};
		86ACD4F125D289F90007C06A /* Release */ = {
			isa = XCBuildConfiguration;
			baseConfigurationReference = 05737FCAF047CCC2513E4AE1 /* Pods-UberClone.release.xcconfig */;
			buildSettings = {
				ASSETCATALOG_COMPILER_APPICON_NAME = AppIcon;
				ASSETCATALOG_COMPILER_GLOBAL_ACCENT_COLOR_NAME = AccentColor;
				CODE_SIGN_STYLE = Automatic;
				DEVELOPMENT_TEAM = 7655W2DD35;
				INFOPLIST_FILE = UberClone/Info.plist;
				LD_RUNPATH_SEARCH_PATHS = (
					"$(inherited)",
					"@executable_path/Frameworks",
				);
				PRODUCT_BUNDLE_IDENTIFIER = shuaiqing.UberClone;
				PRODUCT_NAME = "$(TARGET_NAME)";
				SWIFT_VERSION = 5.0;
				TARGETED_DEVICE_FAMILY = "1,2";
			};
			name = Release;
		};
/* End XCBuildConfiguration section */

/* Begin XCConfigurationList section */
		86ACD4D625D289F60007C06A /* Build configuration list for PBXProject "UberClone" */ = {
			isa = XCConfigurationList;
			buildConfigurations = (
				86ACD4ED25D289F90007C06A /* Debug */,
				86ACD4EE25D289F90007C06A /* Release */,
			);
			defaultConfigurationIsVisible = 0;
			defaultConfigurationName = Release;
		};
		86ACD4EF25D289F90007C06A /* Build configuration list for PBXNativeTarget "UberClone" */ = {
			isa = XCConfigurationList;
			buildConfigurations = (
				86ACD4F025D289F90007C06A /* Debug */,
				86ACD4F125D289F90007C06A /* Release */,
			);
			defaultConfigurationIsVisible = 0;
			defaultConfigurationName = Release;
		};
/* End XCConfigurationList section */
	};
	rootObject = 86ACD4D325D289F60007C06A /* Project object */;
}
